Microsoft Visual Studio Solution File, Format Version 12.00
# Visual Studio 15
VisualStudioVersion = 15.0.28307.106
MinimumVisualStudioVersion = 10.0.40219.1
Project("{9A19103F-16F7-4668-BE54-9A1E7A4F7556}") = "Locale_and_language_switching_single_user_DT", "Locale_and_language_switching_single_user_DT.csproj", "{A5A7BEEF-0F85-5212-FD26-5E4847B081CA}"
EndProject
Global
    GlobalSection(SolutionConfigurationPlatforms) = preSolution
        Debug|Any CPU = Debug|Any CPU
        Release|Any CPU = Release|Any CPU
    EndGlobalSection
    GlobalSection(ProjectConfigurationPlatforms) = postSolution
        {A5A7BEEF-0F85-5212-FD26-5E4847B081CA}.Debug|Any CPU.ActiveCfg = Debug|Any CPU
        {A5A7BEEF-0F85-5212-FD26-5E4847B081CA}.Debug|Any CPU.Build.0 = Debug|Any CPU
        {A5A7BEEF-0F85-5212-FD26-5E4847B081CA}.Release|Any CPU.ActiveCfg = Release|Any CPU
        {A5A7BEEF-0F85-5212-FD26-5E4847B081CA}.Release|Any CPU.Build.0 = Release|Any CPU
    EndGlobalSection
    GlobalSection(SolutionProperties) = preSolution
        HideSolutionNode = FALSE
    EndGlobalSection
EndGlobal
